
Microsoft Visual Studio Solution File, Format Version 12.00
# Visual Studio Version 16
VisualStudioVersion = 16.0.30517.126
MinimumVisualStudioVersion = 10.0.40219.1
Project("{9A19103F-16F7-4668-BE54-9A1E7A4F7556}") = "AlertToCareAPI", "AlertToCareAPI\AlertToCareAPI.csproj", "{26F4AB25-291E-4DC3-B006-A7BBF7BD1570}"
EndProject
Project("{9A19103F-16F7-4668-BE54-9A1E7A4F7556}") = "AlertToCareAPITests", "AlertToCareAPITests\AlertToCareAPITests.csproj", "{A50ED9F8-7E57-46EF-8ABB-D41F7423DA5E}"
EndProject
Project("{FAE04EC0-301F-11D3-BF4B-00C04F79EFBC}") = "AlertToCare.AutomationTest", "AlertToCare.AutomationTest\AlertToCare.AutomationTest.csproj", "{EF7CD829-7C5A-4FFF-9F4D-24E503EB8ABE}"
EndProject
Global
	GlobalSection(SolutionConfigurationPlatforms) = preSolution
		Debug|Any CPU = Debug|Any CPU
		Release|Any CPU = Release|Any CPU
	EndGlobalSection
	GlobalSection(ProjectConfigurationPlatforms) = postSolution
		{26F4AB25-291E-4DC3-B006-A7BBF7BD1570}.Debug|Any CPU.ActiveCfg = Debug|Any CPU
		{26F4AB25-291E-4DC3-B006-A7BBF7BD1570}.Debug|Any CPU.Build.0 = Debug|Any CPU
		{26F4AB25-291E-4DC3-B006-A7BBF7BD1570}.Release|Any CPU.ActiveCfg = Release|Any CPU
		{26F4AB25-291E-4DC3-B006-A7BBF7BD1570}.Release|Any CPU.Build.0 = Release|Any CPU
		{A50ED9F8-7E57-46EF-8ABB-D41F7423DA5E}.Debug|Any CPU.ActiveCfg = Debug|Any CPU
		{A50ED9F8-7E57-46EF-8ABB-D41F7423DA5E}.Debug|Any CPU.Build.0 = Debug|Any CPU
		{A50ED9F8-7E57-46EF-8ABB-D41F7423DA5E}.Release|Any CPU.ActiveCfg = Release|Any CPU
		{A50ED9F8-7E57-46EF-8ABB-D41F7423DA5E}.Release|Any CPU.Build.0 = Release|Any CPU
		{EF7CD829-7C5A-4FFF-9F4D-24E503EB8ABE}.Debug|Any CPU.ActiveCfg = Debug|Any CPU
		{EF7CD829-7C5A-4FFF-9F4D-24E503EB8ABE}.Debug|Any CPU.Build.0 = Debug|Any CPU
		{EF7CD829-7C5A-4FFF-9F4D-24E503EB8ABE}.Release|Any CPU.ActiveCfg = Release|Any CPU
		{EF7CD829-7C5A-4FFF-9F4D-24E503EB8ABE}.Release|Any CPU.Build.0 = Release|Any CPU
	EndGlobalSection
	GlobalSection(SolutionProperties) = preSolution
		HideSolutionNode = FALSE
	EndGlobalSection
	GlobalSection(ExtensibilityGlobals) = postSolution
		SolutionGuid = {7C1013C9-056A-4393-811B-A04C2F9EA594}
	EndGlobalSection
EndGlobal
